
Microsoft Visual Studio Solution File, Format Version 12.00
# Visual Studio 2013
VisualStudioVersion = 12.0.30723.0
MinimumVisualStudioVersion = 10.0.40219.1
Project("{FAE04EC0-301F-11D3-BF4B-00C04F79EFBC}") = "GameEngine", "GameEngine\GameEngine.csproj", "{BD3FCAC0-5B05-4577-A5F3-EA7F7C2CCDEA}"
EndProject
Global
	GlobalSection(SolutionConfigurationPlatforms) = preSolution
		Debug|Any CPU = Debug|Any CPU
		Release|Any CPU = Release|Any CPU
	EndGlobalSection
	GlobalSection(ProjectConfigurationPlatforms) = postSolution
		{BD3FCAC0-5B05-4577-A5F3-EA7F7C2CCDEA}.Debug|Any CPU.ActiveCfg = Debug|Any CPU
		{BD3FCAC0-5B05-4577-A5F3-EA7F7C2CCDEA}.Debug|Any CPU.Build.0 = Debug|Any CPU
		{BD3FCAC0-5B05-4577-A5F3-EA7F7C2CCDEA}.Release|Any CPU.ActiveCfg = Release|Any CPU
		{BD3FCAC0-5B05-4577-A5F3-EA7F7C2CCDEA}.Release|Any CPU.Build.0 = Release|Any CPU
	EndGlobalSection
	GlobalSection(SolutionProperties) = preSolution
		HideSolutionNode = FALSE
	EndGlobalSection
EndGlobal
